
Microsoft Visual Studio Solution File, Format Version 12.00
# Visual Studio 14
VisualStudioVersion = 14.0.24720.0
MinimumVisualStudioVersion = 10.0.40219.1
Project("{FAE04EC0-301F-11D3-BF4B-00C04F79EFBC}") = "MouseKeyBoadHook", "MouseKeyBoadHook\MouseKeyBoadHook.csproj", "{6DEEF638-E741-46B7-8520-983B7F08073E}"
EndProject
Project("{FAE04EC0-301F-11D3-BF4B-00C04F79EFBC}") = "TestWPF", "TestWPF\TestWPF.csproj", "{B58A6ED2-2FDE-408F-931A-1FB2486375DA}"
EndProject
Global
	GlobalSection(SolutionConfigurationPlatforms) = preSolution
		Debug|Any CPU = Debug|Any CPU
		Release|Any CPU = Release|Any CPU
	EndGlobalSection
	GlobalSection(ProjectConfigurationPlatforms) = postSolution
		{6DEEF638-E741-46B7-8520-983B7F08073E}.Debug|Any CPU.ActiveCfg = Debug|Any CPU
		{6DEEF638-E741-46B7-8520-983B7F08073E}.Debug|Any CPU.Build.0 = Debug|Any CPU
		{6DEEF638-E741-46B7-8520-983B7F08073E}.Release|Any CPU.ActiveCfg = Release|Any CPU
		{6DEEF638-E741-46B7-8520-983B7F08073E}.Release|Any CPU.Build.0 = Release|Any CPU
		{B58A6ED2-2FDE-408F-931A-1FB2486375DA}.Debug|Any CPU.ActiveCfg = Debug|Any CPU
		{B58A6ED2-2FDE-408F-931A-1FB2486375DA}.Debug|Any CPU.Build.0 = Debug|Any CPU
		{B58A6ED2-2FDE-408F-931A-1FB2486375DA}.Release|Any CPU.ActiveCfg = Release|Any CPU
		{B58A6ED2-2FDE-408F-931A-1FB2486375DA}.Release|Any CPU.Build.0 = Release|Any CPU
	EndGlobalSection
	GlobalSection(SolutionProperties) = preSolution
		HideSolutionNode = FALSE
	EndGlobalSection
EndGlobal
